{
  "requires": true,
  "lockfileVersion": 1,
  "dependencies": {
    "actioncable": {
      "version": "5.2.4-5",
      "resolved": "https://registry.npmjs.org/actioncable/-/actioncable-5.2.4-5.tgz",
      "integrity": "sha512-68zWWG+RwIFBQVFUnoCMKQaGWsHYH/aRvgAV3eFslA8Qlm4GJH2tK0XagEbu22ZrQS/etK1yv7aW5T1seoMOVA=="
    }
  }
}
